
Microsoft Visual Studio Solution File, Format Version 12.00
# Visual Studio Version 17
VisualStudioVersion = 17.1.32421.90
MinimumVisualStudioVersion = 10.0.40219.1
Project("{8BC9CEB8-8B4A-11D0-8D11-00A0C91BC942}") = "Sandbox", "Sandbox\Sandbox.vcxproj", "{DFCB52DD-5B42-462B-B806-84A89E34EA0E}"
EndProject
Project("{8BC9CEB8-8B4A-11D0-8D11-00A0C91BC942}") = "GameEngine", "GameEngine\GameEngine.vcxproj", "{7CE059FA-F302-4E24-A98E-BFBA508FD2A0}"
EndProject
Global
	GlobalSection(SolutionConfigurationPlatforms) = preSolution
		Debug|x64 = Debug|x64
		Release|x64 = Release|x64
	EndGlobalSection
	GlobalSection(ProjectConfigurationPlatforms) = postSolution
		{7CE059FA-F302-4E24-A98E-BFBA508FD2A0}.Debug|x64.ActiveCfg = Debug|x64
		{7CE059FA-F302-4E24-A98E-BFBA508FD2A0}.Debug|x64.Build.0 = Debug|x64
		{7CE059FA-F302-4E24-A98E-BFBA508FD2A0}.Release|x64.ActiveCfg = Release|x64
		{7CE059FA-F302-4E24-A98E-BFBA508FD2A0}.Release|x64.Build.0 = Release|x64
		{DFCB52DD-5B42-462B-B806-84A89E34EA0E}.Debug|x64.ActiveCfg = Debug|x64
		{DFCB52DD-5B42-462B-B806-84A89E34EA0E}.Debug|x64.Build.0 = Debug|x64
		{DFCB52DD-5B42-462B-B806-84A89E34EA0E}.Release|x64.ActiveCfg = Release|x64
		{DFCB52DD-5B42-462B-B806-84A89E34EA0E}.Release|x64.Build.0 = Release|x64
	EndGlobalSection
	GlobalSection(SolutionProperties) = preSolution
		HideSolutionNode = FALSE
	EndGlobalSection
	GlobalSection(ExtensibilityGlobals) = postSolution
		SolutionGuid = {C2AD66B3-CAE4-4162-AE72-D6FBE5415956}
	EndGlobalSection
EndGlobal
